
Microsoft Visual Studio Solution File, Format Version 12.00
# Visual Studio 14
VisualStudioVersion = 14.0.25123.0
MinimumVisualStudioVersion = 10.0.40219.1
Project("{FAE04EC0-301F-11D3-BF4B-00C04F79EFBC}") = "DayTwo", "DayTwo\DayTwo.csproj", "{4AC5D4A0-491C-4433-9256-0B388BDC75E8}"
EndProject
Project("{FAE04EC0-301F-11D3-BF4B-00C04F79EFBC}") = "DayOne", "DayOne\DayOne.csproj", "{D23F20D8-8421-4891-A515-E604DC8EBFB7}"
EndProject
Project("{FAE04EC0-301F-11D3-BF4B-00C04F79EFBC}") = "DayThree", "DayThree\DayThree.csproj", "{545EBABE-EAD0-40FE-94BA-85435E62662D}"
EndProject
Project("{FAE04EC0-301F-11D3-BF4B-00C04F79EFBC}") = "DayFour", "DayFour\DayFour.csproj", "{7E763252-141D-43B5-8DDE-7FF2A3EF4126}"
EndProject
Project("{FAE04EC0-301F-11D3-BF4B-00C04F79EFBC}") = "DayFive", "DayFive\DayFive.csproj", "{FE65D690-B420-4AFA-8E2E-51AD75DFF582}"
EndProject
Project("{FAE04EC0-301F-11D3-BF4B-00C04F79EFBC}") = "DaySix", "DaySix\DaySix.csproj", "{74A89B47-1EE1-4588-8F11-EF69E4BF0B4A}"
EndProject
Global
	GlobalSection(SolutionConfigurationPlatforms) = preSolution
		Debug|Any CPU = Debug|Any CPU
		Release|Any CPU = Release|Any CPU
	EndGlobalSection
	GlobalSection(ProjectConfigurationPlatforms) = postSolution
		{4AC5D4A0-491C-4433-9256-0B388BDC75E8}.Debug|Any CPU.ActiveCfg = Debug|Any CPU
		{4AC5D4A0-491C-4433-9256-0B388BDC75E8}.Debug|Any CPU.Build.0 = Debug|Any CPU
		{4AC5D4A0-491C-4433-9256-0B388BDC75E8}.Release|Any CPU.ActiveCfg = Release|Any CPU
		{4AC5D4A0-491C-4433-9256-0B388BDC75E8}.Release|Any CPU.Build.0 = Release|Any CPU
		{D23F20D8-8421-4891-A515-E604DC8EBFB7}.Debug|Any CPU.ActiveCfg = Debug|Any CPU
		{D23F20D8-8421-4891-A515-E604DC8EBFB7}.Debug|Any CPU.Build.0 = Debug|Any CPU
		{D23F20D8-8421-4891-A515-E604DC8EBFB7}.Release|Any CPU.ActiveCfg = Release|Any CPU
		{D23F20D8-8421-4891-A515-E604DC8EBFB7}.Release|Any CPU.Build.0 = Release|Any CPU
		{545EBABE-EAD0-40FE-94BA-85435E62662D}.Debug|Any CPU.ActiveCfg = Debug|Any CPU
		{545EBABE-EAD0-40FE-94BA-85435E62662D}.Debug|Any CPU.Build.0 = Debug|Any CPU
		{545EBABE-EAD0-40FE-94BA-85435E62662D}.Release|Any CPU.ActiveCfg = Release|Any CPU
		{545EBABE-EAD0-40FE-94BA-85435E62662D}.Release|Any CPU.Build.0 = Release|Any CPU
		{7E763252-141D-43B5-8DDE-7FF2A3EF4126}.Debug|Any CPU.ActiveCfg = Debug|Any CPU
		{7E763252-141D-43B5-8DDE-7FF2A3EF4126}.Debug|Any CPU.Build.0 = Debug|Any CPU
		{7E763252-141D-43B5-8DDE-7FF2A3EF4126}.Release|Any CPU.ActiveCfg = Release|Any CPU
		{7E763252-141D-43B5-8DDE-7FF2A3EF4126}.Release|Any CPU.Build.0 = Release|Any CPU
		{FE65D690-B420-4AFA-8E2E-51AD75DFF582}.Debug|Any CPU.ActiveCfg = Debug|Any CPU
		{FE65D690-B420-4AFA-8E2E-51AD75DFF582}.Debug|Any CPU.Build.0 = Debug|Any CPU
		{FE65D690-B420-4AFA-8E2E-51AD75DFF582}.Release|Any CPU.ActiveCfg = Release|Any CPU
		{FE65D690-B420-4AFA-8E2E-51AD75DFF582}.Release|Any CPU.Build.0 = Release|Any CPU
		{74A89B47-1EE1-4588-8F11-EF69E4BF0B4A}.Debug|Any CPU.ActiveCfg = Debug|Any CPU
		{74A89B47-1EE1-4588-8F11-EF69E4BF0B4A}.Debug|Any CPU.Build.0 = Debug|Any CPU
		{74A89B47-1EE1-4588-8F11-EF69E4BF0B4A}.Release|Any CPU.ActiveCfg = Release|Any CPU
		{74A89B47-1EE1-4588-8F11-EF69E4BF0B4A}.Release|Any CPU.Build.0 = Release|Any CPU
	EndGlobalSection
	GlobalSection(SolutionProperties) = preSolution
		HideSolutionNode = FALSE
	EndGlobalSection
EndGlobal
